
Microsoft Visual Studio Solution File, Format Version 12.00
Project("{FAE04EC0-301F-11D3-BF4B-00C04F79EFBC}") = "PongSharp", "PongSharp.csproj", "{C8B1B33C-C85B-43DD-8E4D-6D0D3847174E}"
EndProject
Global
	GlobalSection(SolutionConfigurationPlatforms) = preSolution
		Debug|Any CPU = Debug|Any CPU
		Release|Any CPU = Release|Any CPU
	EndGlobalSection
	GlobalSection(ProjectConfigurationPlatforms) = postSolution
		{C8B1B33C-C85B-43DD-8E4D-6D0D3847174E}.Debug|Any CPU.ActiveCfg = Debug|Any CPU
		{C8B1B33C-C85B-43DD-8E4D-6D0D3847174E}.Debug|Any CPU.Build.0 = Debug|Any CPU
		{C8B1B33C-C85B-43DD-8E4D-6D0D3847174E}.Release|Any CPU.ActiveCfg = Release|Any CPU
		{C8B1B33C-C85B-43DD-8E4D-6D0D3847174E}.Release|Any CPU.Build.0 = Release|Any CPU
	EndGlobalSection
EndGlobal
